PODS:
  - Realm (10.13.0):
    - Realm/Headers (= 10.13.0)
  - Realm/Headers (10.13.0)
  - RealmSwift (10.13.0):
    - Realm (= 10.13.0)
  - SwipeCellKit (2.7.1)

DEPENDENCIES:
  - RealmSwift
  - SwipeCellKit

SPEC REPOS:
  trunk:
    - Realm
    - RealmSwift
    - SwipeCellKit

SPEC CHECKSUMS:
  Realm: e3a1225aafa7cec96a020dc199201b9d1f9cd59c
  RealmSwift: 62585b4a934754a9d9117331689f4e8a5b1f6113
  SwipeCellKit: 3972254a826da74609926daf59b08d6c72e619ea

PODFILE CHECKSUM: c01e91be56d0a3134ccca31dea66dec262f4859c

COCOAPODS: 1.10.1
