PODS:
  - Realm (10.15.0):
    - Realm/Headers (= 10.15.0)
  - Realm/Headers (10.15.0)
  - RealmSwift (10.15.0):
    - Realm (= 10.15.0)
  - SwipeCellKit (2.7.1)

DEPENDENCIES:
  - RealmSwift
  - SwipeCellKit

SPEC REPOS:
  trunk:
    - Realm
    - RealmSwift
    - SwipeCellKit

SPEC CHECKSUMS:
  Realm: 13e805eb23d3eb8d8bb700d9cf9761f4b625b389
  RealmSwift: 51b29bb4e19fe7322c8a599cf3494b8a08888ef1
  SwipeCellKit: 3972254a826da74609926daf59b08d6c72e619ea

PODFILE CHECKSUM: ad3208d141dd82dd55918ff031d93cdb6a2e255a

COCOAPODS: 1.10.1
